
Microsoft Visual Studio Solution File, Format Version 12.00
# Visual Studio Version 16
VisualStudioVersion = 16.0.30114.105
MinimumVisualStudioVersion = 10.0.40219.1
Project("{FAE04EC0-301F-11D3-BF4B-00C04F79EFBC}") = "55DockerHackathon", "55DockerHackathon.csproj", "{829E49B1-1EB5-4AA4-8188-92C9B43B6059}"
EndProject
Global
	GlobalSection(SolutionConfigurationPlatforms) = preSolution
		Debug|Any CPU = Debug|Any CPU
		Release|Any CPU = Release|Any CPU
	EndGlobalSection
	GlobalSection(ProjectConfigurationPlatforms) = postSolution
		{829E49B1-1EB5-4AA4-8188-92C9B43B6059}.Debug|Any CPU.ActiveCfg = Debug|Any CPU
		{829E49B1-1EB5-4AA4-8188-92C9B43B6059}.Debug|Any CPU.Build.0 = Debug|Any CPU
		{829E49B1-1EB5-4AA4-8188-92C9B43B6059}.Release|Any CPU.ActiveCfg = Release|Any CPU
		{829E49B1-1EB5-4AA4-8188-92C9B43B6059}.Release|Any CPU.Build.0 = Release|Any CPU
	EndGlobalSection
	GlobalSection(SolutionProperties) = preSolution
		HideSolutionNode = FALSE
	EndGlobalSection
	GlobalSection(ExtensibilityGlobals) = postSolution
		SolutionGuid = {43121043-C5D4-4F9C-B649-99AAA5A5FDD5}
	EndGlobalSection
EndGlobal
